
Microsoft Visual Studio Solution File, Format Version 12.00
# Visual Studio Version 16
VisualStudioVersion = 16.0.29001.49
MinimumVisualStudioVersion = 10.0.40219.1
Project("{9A19103F-16F7-4668-BE54-9A1E7A4F7556}") = "ConsoleApp", "ConsoleApp\ConsoleApp.csproj", "{7F6BBA92-BEE0-4E3A-9E69-F8D206BD0179}"
EndProject
Project("{9A19103F-16F7-4668-BE54-9A1E7A4F7556}") = "Todo.MvcApplication", "Todo.MvcApplication\Todo.MvcApplication.csproj", "{4F47A2C4-C807-442C-A2E6-1AE31CDF9341}"
EndProject
Project("{9A19103F-16F7-4668-BE54-9A1E7A4F7556}") = "Todo.Domain", "Todo.Domain\Todo.Domain.csproj", "{BF5D4406-C853-4F30-BEB8-CD474043E264}"
EndProject
Project("{9A19103F-16F7-4668-BE54-9A1E7A4F7556}") = "Todo.InMemoryDataProvider", "Todo.InMemoryDataAccess\Todo.InMemoryDataProvider.csproj", "{A618B8ED-5BFB-41DC-8445-BF8190DFD47A}"
EndProject
Project("{FAE04EC0-301F-11D3-BF4B-00C04F79EFBC}") = "Todo.EntityFrameworkDataProvider", "EntityFrameworkDataProvider\Todo.EntityFrameworkDataProvider.csproj", "{A3A435DA-CA08-4F6C-83D5-404642DCE14A}"
EndProject
Global
	GlobalSection(SolutionConfigurationPlatforms) = preSolution
		Debug|Any CPU = Debug|Any CPU
		Release|Any CPU = Release|Any CPU
	EndGlobalSection
	GlobalSection(ProjectConfigurationPlatforms) = postSolution
		{7F6BBA92-BEE0-4E3A-9E69-F8D206BD0179}.Debug|Any CPU.ActiveCfg = Debug|Any CPU
		{7F6BBA92-BEE0-4E3A-9E69-F8D206BD0179}.Debug|Any CPU.Build.0 = Debug|Any CPU
		{7F6BBA92-BEE0-4E3A-9E69-F8D206BD0179}.Release|Any CPU.ActiveCfg = Release|Any CPU
		{7F6BBA92-BEE0-4E3A-9E69-F8D206BD0179}.Release|Any CPU.Build.0 = Release|Any CPU
		{4F47A2C4-C807-442C-A2E6-1AE31CDF9341}.Debug|Any CPU.ActiveCfg = Debug|Any CPU
		{4F47A2C4-C807-442C-A2E6-1AE31CDF9341}.Debug|Any CPU.Build.0 = Debug|Any CPU
		{4F47A2C4-C807-442C-A2E6-1AE31CDF9341}.Release|Any CPU.ActiveCfg = Release|Any CPU
		{4F47A2C4-C807-442C-A2E6-1AE31CDF9341}.Release|Any CPU.Build.0 = Release|Any CPU
		{BF5D4406-C853-4F30-BEB8-CD474043E264}.Debug|Any CPU.ActiveCfg = Debug|Any CPU
		{BF5D4406-C853-4F30-BEB8-CD474043E264}.Debug|Any CPU.Build.0 = Debug|Any CPU
		{BF5D4406-C853-4F30-BEB8-CD474043E264}.Release|Any CPU.ActiveCfg = Release|Any CPU
		{BF5D4406-C853-4F30-BEB8-CD474043E264}.Release|Any CPU.Build.0 = Release|Any CPU
		{A618B8ED-5BFB-41DC-8445-BF8190DFD47A}.Debug|Any CPU.ActiveCfg = Debug|Any CPU
		{A618B8ED-5BFB-41DC-8445-BF8190DFD47A}.Debug|Any CPU.Build.0 = Debug|Any CPU
		{A618B8ED-5BFB-41DC-8445-BF8190DFD47A}.Release|Any CPU.ActiveCfg = Release|Any CPU
		{A618B8ED-5BFB-41DC-8445-BF8190DFD47A}.Release|Any CPU.Build.0 = Release|Any CPU
		{A3A435DA-CA08-4F6C-83D5-404642DCE14A}.Debug|Any CPU.ActiveCfg = Debug|Any CPU
		{A3A435DA-CA08-4F6C-83D5-404642DCE14A}.Debug|Any CPU.Build.0 = Debug|Any CPU
		{A3A435DA-CA08-4F6C-83D5-404642DCE14A}.Release|Any CPU.ActiveCfg = Release|Any CPU
		{A3A435DA-CA08-4F6C-83D5-404642DCE14A}.Release|Any CPU.Build.0 = Release|Any CPU
	EndGlobalSection
	GlobalSection(SolutionProperties) = preSolution
		HideSolutionNode = FALSE
	EndGlobalSection
	GlobalSection(ExtensibilityGlobals) = postSolution
		SolutionGuid = {4FE0FB7A-D09D-4803-9058-4CF533FE9991}
	EndGlobalSection
EndGlobal
